GEM
  remote: https://rubygems.org/
  specs:
    dotenv (3.2.0)
    logger (1.7.0)
    minitest (5.27.0)
    mqtt (0.7.0)
      logger
    rake (13.4.2)
    sqlite3 (2.9.6-aarch64-linux-gnu)
    sqlite3 (2.9.6-aarch64-linux-musl)
    sqlite3 (2.9.6-arm64-darwin)
    sqlite3 (2.9.6-x86_64-darwin)
    sqlite3 (2.9.6-x86_64-linux-gnu)
    sqlite3 (2.9.6-x86_64-linux-musl)
    wasmtime (47.0.3-aarch64-linux)
    wasmtime (47.0.3-aarch64-linux-musl)
    wasmtime (47.0.3-arm64-darwin)
    wasmtime (47.0.3-x86_64-darwin)
    wasmtime (47.0.3-x86_64-linux)
    wasmtime (47.0.3-x86_64-linux-musl)

PLATFORMS
  aarch64-linux
  aarch64-linux-gnu
  aarch64-linux-musl
  arm64-darwin
  x86_64-darwin
  x86_64-linux
  x86_64-linux-gnu
  x86_64-linux-musl

DEPENDENCIES
  dotenv (~> 3.1)
  minitest (~> 5.25)
  mqtt (~> 0.7)
  rake (~> 13.2)
  sqlite3 (~> 2.9)
  wasmtime (~> 47.0)

CHECKSUMS
  dotenv (3.2.0) sha256=e375b83121ea7ca4ce20f214740076129ab8514cd81378161f11c03853fe619d
  logger (1.7.0) sha256=196edec7cc44b66cfb40f9755ce11b392f21f7967696af15d274dde7edff0203
  minitest (5.27.0) sha256=2d3b17f8a36fe7801c1adcffdbc38233b938eb0b4966e97a6739055a45fa77d5
  mqtt (0.7.0) sha256=52c139253b738408133a68ab8d19144a17a5934ad8c0ba6d906f899a9737de3b
  rake (13.4.2) sha256=cb825b2bd5f1f8e91ca37bddb4b9aaf345551b4731da62949be002fa89283701
  sqlite3 (2.9.6-aarch64-linux-gnu) sha256=d8b1f7d23efd7abac285775a9566562fc7debfef79d594e3a20354406fb7907c
  sqlite3 (2.9.6-aarch64-linux-musl) sha256=3579e1c98cdc7ff5c3722847bb63ed4e1efb7ff675cb5e1e48ef2d4da5fb3bc9
  sqlite3 (2.9.6-arm64-darwin) sha256=849b5d7f795e60fe25076d62c72dd722beb45b3850b516ad978d60ee848ec15b
  sqlite3 (2.9.6-x86_64-darwin) sha256=b5842fea77781c14da03fa7bc0feb82db03a69e135affcb6f5399cbd2797a5f3
  sqlite3 (2.9.6-x86_64-linux-gnu) sha256=613188ce02f614126ddbc38c5e217ccffd6306d0dcd9adca9764547aa890a634
  sqlite3 (2.9.6-x86_64-linux-musl) sha256=d493b11818a3573387a1d56e1ee8fa00da23a683a7a1cc063e7a0feeed843abf
  wasmtime (47.0.3-aarch64-linux) sha256=c3add0af92c4698f02aa29b2125b807e788a235ce51c091eb8056b6f874af6e5
  wasmtime (47.0.3-aarch64-linux-musl) sha256=53c47c6a7eca2d0adf5a7033bde98accebf250841d1a2c60e3f45345cb9339e7
  wasmtime (47.0.3-arm64-darwin) sha256=806fa88f3043a86cc8b6902ee0c69d45cfb8799e7688c12faf62e57d7b30ba41
  wasmtime (47.0.3-x86_64-darwin) sha256=7282a48a76bba2653c395407e75049d3f4dd493b153f8242cbeb9e53c2a38abb
  wasmtime (47.0.3-x86_64-linux) sha256=139978ec5411b333601c2d8516c0bfd24925cbe460f0ba4e9280e8bc8a40d641
  wasmtime (47.0.3-x86_64-linux-musl) sha256=0765070faf676bb4db1aca0b8d91c3e1ba7148e2184b2ca43d51d9e30bbb8da1

BUNDLED WITH
  4.0.10
